
Microsoft Visual Studio Solution File, Format Version 12.00
# Visual Studio Version 17
VisualStudioVersion = 17.11.35312.102
MinimumVisualStudioVersion = 10.0.40219.1
Project("{FAE04EC0-301F-11D3-BF4B-00C04F79EFBC}") = "comercio_electronico_forms", "comercio_electronico_forms\comercio_electronico_forms.csproj", "{CAF49208-D11A-45A8-95DF-75839BC767C7}"
EndProject
Global
	GlobalSection(SolutionConfigurationPlatforms) = preSolution
		Debug|Any CPU = Debug|Any CPU
		Release|Any CPU = Release|Any CPU
	EndGlobalSection
	GlobalSection(ProjectConfigurationPlatforms) = postSolution
		{CAF49208-D11A-45A8-95DF-75839BC767C7}.Debug|Any CPU.ActiveCfg = Debug|Any CPU
		{CAF49208-D11A-45A8-95DF-75839BC767C7}.Debug|Any CPU.Build.0 = Debug|Any CPU
		{CAF49208-D11A-45A8-95DF-75839BC767C7}.Release|Any CPU.ActiveCfg = Release|Any CPU
		{CAF49208-D11A-45A8-95DF-75839BC767C7}.Release|Any CPU.Build.0 = Release|Any CPU
	EndGlobalSection
	GlobalSection(SolutionProperties) = preSolution
		HideSolutionNode = FALSE
	EndGlobalSection
	GlobalSection(ExtensibilityGlobals) = postSolution
		SolutionGuid = {992CCE3F-0F92-42FA-AE9D-11DA753B0DFA}
	EndGlobalSection
EndGlobal
